
Microsoft Visual Studio Solution File, Format Version 10.00
# Visual Studio 2008
Project("{FAE04EC0-301F-11D3-BF4B-00C04F79EFBC}") = "corlib", "corlib\corlib.csproj", "{1F342392-86D8-485D-9384-7FBBDE0E90DA}"
EndProject
Project("{FAE04EC0-301F-11D3-BF4B-00C04F79EFBC}") = "System", "System\System.csproj", "{236E3D36-869C-4F29-A709-AB175C6C883B}"
EndProject
Project("{FAE04EC0-301F-11D3-BF4B-00C04F79EFBC}") = "System.XML", "System.XML\System.XML.csproj", "{8A614F7F-8146-419C-83F2-B11D7E85B01F}"
EndProject
Global
	GlobalSection(SolutionConfigurationPlatforms) = preSolution
		Debug|Any CPU = Debug|Any CPU
		Release|Any CPU = Release|Any CPU
	EndGlobalSection
	GlobalSection(ProjectConfigurationPlatforms) = postSolution
		{1F342392-86D8-485D-9384-7FBBDE0E90DA}.Debug|Any CPU.ActiveCfg = Debug|Any CPU
		{1F342392-86D8-485D-9384-7FBBDE0E90DA}.Debug|Any CPU.Build.0 = Debug|Any CPU
		{1F342392-86D8-485D-9384-7FBBDE0E90DA}.Release|Any CPU.ActiveCfg = Release|Any CPU
		{1F342392-86D8-485D-9384-7FBBDE0E90DA}.Release|Any CPU.Build.0 = Release|Any CPU
		{236E3D36-869C-4F29-A709-AB175C6C883B}.Debug|Any CPU.ActiveCfg = Debug|Any CPU
		{236E3D36-869C-4F29-A709-AB175C6C883B}.Debug|Any CPU.Build.0 = Debug|Any CPU
		{236E3D36-869C-4F29-A709-AB175C6C883B}.Release|Any CPU.ActiveCfg = Release|Any CPU
		{236E3D36-869C-4F29-A709-AB175C6C883B}.Release|Any CPU.Build.0 = Release|Any CPU
		{8A614F7F-8146-419C-83F2-B11D7E85B01F}.Debug|Any CPU.ActiveCfg = Debug|Any CPU
		{8A614F7F-8146-419C-83F2-B11D7E85B01F}.Debug|Any CPU.Build.0 = Debug|Any CPU
		{8A614F7F-8146-419C-83F2-B11D7E85B01F}.Release|Any CPU.ActiveCfg = Release|Any CPU
		{8A614F7F-8146-419C-83F2-B11D7E85B01F}.Release|Any CPU.Build.0 = Release|Any CPU
	EndGlobalSection
	GlobalSection(SolutionProperties) = preSolution
		HideSolutionNode = FALSE
	EndGlobalSection
EndGlobal
