
Microsoft Visual Studio Solution File, Format Version 10.00
# Visual Studio 2008
Project("{FAE04EC0-301F-11D3-BF4B-00C04F79EFBC}") = "mscorlib", "corlib\mscorlib.csproj", "{EF077DE8-C0F3-4820-911C-4E158A9357A7}"
EndProject
Project("{FAE04EC0-301F-11D3-BF4B-00C04F79EFBC}") = "System", "System\System.csproj", "{1FFEF9B1-B158-4AAA-B84E-D6A798BF72A7}"
EndProject
Project("{FAE04EC0-301F-11D3-BF4B-00C04F79EFBC}") = "System.XML", "System.XML\System.XML.csproj", "{E856105E-029E-4552-A5C5-7908322353A8}"
EndProject
Project("{FAE04EC0-301F-11D3-BF4B-00C04F79EFBC}") = "Mono.Posix", "Mono.Posix\Mono.Posix.csproj", "{88A68F25-F7C1-417A-BD9D-66EB768570C3}"
EndProject
Project("{FAE04EC0-301F-11D3-BF4B-00C04F79EFBC}") = "Mono.CompilerServices.SymbolWriter", "Mono.CompilerServices.SymbolWriter\Mono.CompilerServices.SymbolWriter.csproj", "{582EA89D-2181-494A-BB7A-1302F277A8AF}"
EndProject
Project("{FAE04EC0-301F-11D3-BF4B-00C04F79EFBC}") = "System.Core", "System.Core\System.Core.csproj", "{4578ACB5-074C-4573-B7C9-73216F73E8DA}"
EndProject
Project("{FAE04EC0-301F-11D3-BF4B-00C04F79EFBC}") = "Mono.Security", "Mono.Security\Mono.Security.csproj", "{A40AFA9E-5A77-4BD6-BA97-D5BC955C1AE7}"
EndProject
Global
	GlobalSection(SolutionConfigurationPlatforms) = preSolution
		Debug|Any CPU = Debug|Any CPU
		Release|Any CPU = Release|Any CPU
	EndGlobalSection
	GlobalSection(ProjectConfigurationPlatforms) = postSolution
		{EF077DE8-C0F3-4820-911C-4E158A9357A7}.Debug|Any CPU.ActiveCfg = Debug|Any CPU
		{EF077DE8-C0F3-4820-911C-4E158A9357A7}.Debug|Any CPU.Build.0 = Debug|Any CPU
		{EF077DE8-C0F3-4820-911C-4E158A9357A7}.Release|Any CPU.ActiveCfg = Release|Any CPU
		{EF077DE8-C0F3-4820-911C-4E158A9357A7}.Release|Any CPU.Build.0 = Release|Any CPU
		{1FFEF9B1-B158-4AAA-B84E-D6A798BF72A7}.Debug|Any CPU.ActiveCfg = Debug|Any CPU
		{1FFEF9B1-B158-4AAA-B84E-D6A798BF72A7}.Debug|Any CPU.Build.0 = Debug|Any CPU
		{1FFEF9B1-B158-4AAA-B84E-D6A798BF72A7}.Release|Any CPU.ActiveCfg = Release|Any CPU
		{1FFEF9B1-B158-4AAA-B84E-D6A798BF72A7}.Release|Any CPU.Build.0 = Release|Any CPU
		{E856105E-029E-4552-A5C5-7908322353A8}.Debug|Any CPU.ActiveCfg = Debug|Any CPU
		{E856105E-029E-4552-A5C5-7908322353A8}.Debug|Any CPU.Build.0 = Debug|Any CPU
		{E856105E-029E-4552-A5C5-7908322353A8}.Release|Any CPU.ActiveCfg = Release|Any CPU
		{E856105E-029E-4552-A5C5-7908322353A8}.Release|Any CPU.Build.0 = Release|Any CPU
		{88A68F25-F7C1-417A-BD9D-66EB768570C3}.Debug|Any CPU.ActiveCfg = Debug|Any CPU
		{88A68F25-F7C1-417A-BD9D-66EB768570C3}.Debug|Any CPU.Build.0 = Debug|Any CPU
		{88A68F25-F7C1-417A-BD9D-66EB768570C3}.Release|Any CPU.ActiveCfg = Release|Any CPU
		{88A68F25-F7C1-417A-BD9D-66EB768570C3}.Release|Any CPU.Build.0 = Release|Any CPU
		{582EA89D-2181-494A-BB7A-1302F277A8AF}.Debug|Any CPU.ActiveCfg = Debug|Any CPU
		{582EA89D-2181-494A-BB7A-1302F277A8AF}.Debug|Any CPU.Build.0 = Debug|Any CPU
		{582EA89D-2181-494A-BB7A-1302F277A8AF}.Release|Any CPU.ActiveCfg = Release|Any CPU
		{582EA89D-2181-494A-BB7A-1302F277A8AF}.Release|Any CPU.Build.0 = Release|Any CPU
		{4578ACB5-074C-4573-B7C9-73216F73E8DA}.Debug|Any CPU.ActiveCfg = Debug|Any CPU
		{4578ACB5-074C-4573-B7C9-73216F73E8DA}.Debug|Any CPU.Build.0 = Debug|Any CPU
		{4578ACB5-074C-4573-B7C9-73216F73E8DA}.Release|Any CPU.ActiveCfg = Release|Any CPU
		{4578ACB5-074C-4573-B7C9-73216F73E8DA}.Release|Any CPU.Build.0 = Release|Any CPU
		{A40AFA9E-5A77-4BD6-BA97-D5BC955C1AE7}.Debug|Any CPU.ActiveCfg = Debug|Any CPU
		{A40AFA9E-5A77-4BD6-BA97-D5BC955C1AE7}.Debug|Any CPU.Build.0 = Debug|Any CPU
		{A40AFA9E-5A77-4BD6-BA97-D5BC955C1AE7}.Release|Any CPU.ActiveCfg = Release|Any CPU
		{A40AFA9E-5A77-4BD6-BA97-D5BC955C1AE7}.Release|Any CPU.Build.0 = Release|Any CPU
	EndGlobalSection
	GlobalSection(SolutionProperties) = preSolution
		HideSolutionNode = FALSE
	EndGlobalSection
EndGlobal
