
Microsoft Visual Studio Solution File, Format Version 11.00
# Visual Studio 2010
Project("{FAE04EC0-301F-11D3-BF4B-00C04F79EFBC}") = "mscorlib", "corlib\mscorlib.csproj", "{6F4B6E63-8657-4C25-9C6F-AF6971BCB557}"
EndProject
Project("{FAE04EC0-301F-11D3-BF4B-00C04F79EFBC}") = "System", "System\System.csproj", "{0133AFC4-6765-4B71-89A1-FF755CDB985B}"
EndProject
Project("{FAE04EC0-301F-11D3-BF4B-00C04F79EFBC}") = "System.XML", "System.XML\System.XML.csproj", "{EE70BD42-A8DA-48AE-A16B-1F444329370C}"
EndProject
Project("{FAE04EC0-301F-11D3-BF4B-00C04F79EFBC}") = "Mono.Posix", "Mono.Posix\Mono.Posix.csproj", "{9604E4F1-F3DF-4A1A-8071-30D8D34F6D14}"
EndProject
Project("{FAE04EC0-301F-11D3-BF4B-00C04F79EFBC}") = "Mono.CompilerServices.SymbolWriter", "Mono.CompilerServices.SymbolWriter\Mono.CompilerServices.SymbolWriter.csproj", "{1A108B39-599A-4813-B1F3-8533257EF1F7}"
EndProject
Project("{FAE04EC0-301F-11D3-BF4B-00C04F79EFBC}") = "System.Core", "System.Core\System.Core.csproj", "{90E7E3B4-CF66-4022-8142-4074D36CCD48}"
EndProject
Project("{FAE04EC0-301F-11D3-BF4B-00C04F79EFBC}") = "Mono.Security", "Mono.Security\Mono.Security.csproj", "{83465C76-65B7-4E6C-8095-B59A6CB89984}"
EndProject
Global
	GlobalSection(SolutionConfigurationPlatforms) = preSolution
		Debug|Any CPU = Debug|Any CPU
		Release|Any CPU = Release|Any CPU
	EndGlobalSection
	GlobalSection(ProjectConfigurationPlatforms) = postSolution
		{6F4B6E63-8657-4C25-9C6F-AF6971BCB557}.Debug|Any CPU.ActiveCfg = Debug|Any CPU
		{6F4B6E63-8657-4C25-9C6F-AF6971BCB557}.Debug|Any CPU.Build.0 = Debug|Any CPU
		{6F4B6E63-8657-4C25-9C6F-AF6971BCB557}.Release|Any CPU.ActiveCfg = Release|Any CPU
		{6F4B6E63-8657-4C25-9C6F-AF6971BCB557}.Release|Any CPU.Build.0 = Release|Any CPU
		{0133AFC4-6765-4B71-89A1-FF755CDB985B}.Debug|Any CPU.ActiveCfg = Debug|Any CPU
		{0133AFC4-6765-4B71-89A1-FF755CDB985B}.Debug|Any CPU.Build.0 = Debug|Any CPU
		{0133AFC4-6765-4B71-89A1-FF755CDB985B}.Release|Any CPU.ActiveCfg = Release|Any CPU
		{0133AFC4-6765-4B71-89A1-FF755CDB985B}.Release|Any CPU.Build.0 = Release|Any CPU
		{EE70BD42-A8DA-48AE-A16B-1F444329370C}.Debug|Any CPU.ActiveCfg = Debug|Any CPU
		{EE70BD42-A8DA-48AE-A16B-1F444329370C}.Debug|Any CPU.Build.0 = Debug|Any CPU
		{EE70BD42-A8DA-48AE-A16B-1F444329370C}.Release|Any CPU.ActiveCfg = Release|Any CPU
		{EE70BD42-A8DA-48AE-A16B-1F444329370C}.Release|Any CPU.Build.0 = Release|Any CPU
		{9604E4F1-F3DF-4A1A-8071-30D8D34F6D14}.Debug|Any CPU.ActiveCfg = Debug|Any CPU
		{9604E4F1-F3DF-4A1A-8071-30D8D34F6D14}.Debug|Any CPU.Build.0 = Debug|Any CPU
		{9604E4F1-F3DF-4A1A-8071-30D8D34F6D14}.Release|Any CPU.ActiveCfg = Release|Any CPU
		{9604E4F1-F3DF-4A1A-8071-30D8D34F6D14}.Release|Any CPU.Build.0 = Release|Any CPU
		{1A108B39-599A-4813-B1F3-8533257EF1F7}.Debug|Any CPU.ActiveCfg = Debug|Any CPU
		{1A108B39-599A-4813-B1F3-8533257EF1F7}.Debug|Any CPU.Build.0 = Debug|Any CPU
		{1A108B39-599A-4813-B1F3-8533257EF1F7}.Release|Any CPU.ActiveCfg = Release|Any CPU
		{1A108B39-599A-4813-B1F3-8533257EF1F7}.Release|Any CPU.Build.0 = Release|Any CPU
		{90E7E3B4-CF66-4022-8142-4074D36CCD48}.Debug|Any CPU.ActiveCfg = Debug|Any CPU
		{90E7E3B4-CF66-4022-8142-4074D36CCD48}.Debug|Any CPU.Build.0 = Debug|Any CPU
		{90E7E3B4-CF66-4022-8142-4074D36CCD48}.Release|Any CPU.ActiveCfg = Release|Any CPU
		{90E7E3B4-CF66-4022-8142-4074D36CCD48}.Release|Any CPU.Build.0 = Release|Any CPU
		{83465C76-65B7-4E6C-8095-B59A6CB89984}.Debug|Any CPU.ActiveCfg = Debug|Any CPU
		{83465C76-65B7-4E6C-8095-B59A6CB89984}.Debug|Any CPU.Build.0 = Debug|Any CPU
		{83465C76-65B7-4E6C-8095-B59A6CB89984}.Release|Any CPU.ActiveCfg = Release|Any CPU
		{83465C76-65B7-4E6C-8095-B59A6CB89984}.Release|Any CPU.Build.0 = Release|Any CPU
	EndGlobalSection
	GlobalSection(SolutionProperties) = preSolution
		HideSolutionNode = FALSE
	EndGlobalSection
EndGlobal
