
Microsoft Visual Studio Solution File, Format Version 10.00
# Visual Studio 2008
Project("{FAE04EC0-301F-11D3-BF4B-00C04F79EFBC}") = "corlib", "corlib\corlib.csproj", "{CDF70630-5124-4D24-8047-FDDE7D15B77E}"
EndProject
Project("{FAE04EC0-301F-11D3-BF4B-00C04F79EFBC}") = "System", "System\System.csproj", "{C0F20B47-B3B9-4DE9-B0CA-C49840F83BA5}"
EndProject
Project("{FAE04EC0-301F-11D3-BF4B-00C04F79EFBC}") = "System.XML", "System.XML\System.XML.csproj", "{DD038987-11C0-4E3C-852B-0425673F8D4C}"
EndProject
Project("{FAE04EC0-301F-11D3-BF4B-00C04F79EFBC}") = "Mono.Posix", "Mono.Posix\Mono.Posix.csproj", "{8E01B607-D820-428E-92C2-E6A5203895FD}"
EndProject
Project("{FAE04EC0-301F-11D3-BF4B-00C04F79EFBC}") = "Mono.CompilerServices.SymbolWriter", "Mono.CompilerServices.SymbolWriter\Mono.CompilerServices.SymbolWriter.csproj", "{798AD506-1285-4E86-AC31-4D485E111D9D}"
EndProject
Project("{FAE04EC0-301F-11D3-BF4B-00C04F79EFBC}") = "System.Core", "System.Core\System.Core.csproj", "{59B37C4E-5FAE-4C1F-97D5-21AAD95437BA}"
EndProject
Project("{FAE04EC0-301F-11D3-BF4B-00C04F79EFBC}") = "Mono.Security", "Mono.Security\Mono.Security.csproj", "{3D0FF1DE-70BD-4F89-A3E6-F10887056DDD}"
EndProject
Global
	GlobalSection(SolutionConfigurationPlatforms) = preSolution
		Debug|Any CPU = Debug|Any CPU
		Release|Any CPU = Release|Any CPU
	EndGlobalSection
	GlobalSection(ProjectConfigurationPlatforms) = postSolution
		{CDF70630-5124-4D24-8047-FDDE7D15B77E}.Debug|Any CPU.ActiveCfg = Debug|Any CPU
		{CDF70630-5124-4D24-8047-FDDE7D15B77E}.Debug|Any CPU.Build.0 = Debug|Any CPU
		{CDF70630-5124-4D24-8047-FDDE7D15B77E}.Release|Any CPU.ActiveCfg = Release|Any CPU
		{CDF70630-5124-4D24-8047-FDDE7D15B77E}.Release|Any CPU.Build.0 = Release|Any CPU
		{C0F20B47-B3B9-4DE9-B0CA-C49840F83BA5}.Debug|Any CPU.ActiveCfg = Debug|Any CPU
		{C0F20B47-B3B9-4DE9-B0CA-C49840F83BA5}.Debug|Any CPU.Build.0 = Debug|Any CPU
		{C0F20B47-B3B9-4DE9-B0CA-C49840F83BA5}.Release|Any CPU.ActiveCfg = Release|Any CPU
		{C0F20B47-B3B9-4DE9-B0CA-C49840F83BA5}.Release|Any CPU.Build.0 = Release|Any CPU
		{DD038987-11C0-4E3C-852B-0425673F8D4C}.Debug|Any CPU.ActiveCfg = Debug|Any CPU
		{DD038987-11C0-4E3C-852B-0425673F8D4C}.Debug|Any CPU.Build.0 = Debug|Any CPU
		{DD038987-11C0-4E3C-852B-0425673F8D4C}.Release|Any CPU.ActiveCfg = Release|Any CPU
		{DD038987-11C0-4E3C-852B-0425673F8D4C}.Release|Any CPU.Build.0 = Release|Any CPU
		{8E01B607-D820-428E-92C2-E6A5203895FD}.Debug|Any CPU.ActiveCfg = Debug|Any CPU
		{8E01B607-D820-428E-92C2-E6A5203895FD}.Debug|Any CPU.Build.0 = Debug|Any CPU
		{8E01B607-D820-428E-92C2-E6A5203895FD}.Release|Any CPU.ActiveCfg = Release|Any CPU
		{8E01B607-D820-428E-92C2-E6A5203895FD}.Release|Any CPU.Build.0 = Release|Any CPU
		{798AD506-1285-4E86-AC31-4D485E111D9D}.Debug|Any CPU.ActiveCfg = Debug|Any CPU
		{798AD506-1285-4E86-AC31-4D485E111D9D}.Debug|Any CPU.Build.0 = Debug|Any CPU
		{798AD506-1285-4E86-AC31-4D485E111D9D}.Release|Any CPU.ActiveCfg = Release|Any CPU
		{798AD506-1285-4E86-AC31-4D485E111D9D}.Release|Any CPU.Build.0 = Release|Any CPU
		{59B37C4E-5FAE-4C1F-97D5-21AAD95437BA}.Debug|Any CPU.ActiveCfg = Debug|Any CPU
		{59B37C4E-5FAE-4C1F-97D5-21AAD95437BA}.Debug|Any CPU.Build.0 = Debug|Any CPU
		{59B37C4E-5FAE-4C1F-97D5-21AAD95437BA}.Release|Any CPU.ActiveCfg = Release|Any CPU
		{59B37C4E-5FAE-4C1F-97D5-21AAD95437BA}.Release|Any CPU.Build.0 = Release|Any CPU
		{3D0FF1DE-70BD-4F89-A3E6-F10887056DDD}.Debug|Any CPU.ActiveCfg = Debug|Any CPU
		{3D0FF1DE-70BD-4F89-A3E6-F10887056DDD}.Debug|Any CPU.Build.0 = Debug|Any CPU
		{3D0FF1DE-70BD-4F89-A3E6-F10887056DDD}.Release|Any CPU.ActiveCfg = Release|Any CPU
		{3D0FF1DE-70BD-4F89-A3E6-F10887056DDD}.Release|Any CPU.Build.0 = Release|Any CPU
	EndGlobalSection
	GlobalSection(SolutionProperties) = preSolution
		HideSolutionNode = FALSE
	EndGlobalSection
EndGlobal
